
Microsoft Visual Studio Solution File, Format Version 12.00
# Visual Studio 2012
Project("{FAE04EC0-301F-11D3-BF4B-00C04F79EFBC}") = "Test_xml_loader", "Test_xml_loader\Test_xml_loader.csproj", "{4CC14FB6-2472-4865-ACD2-1DEF414A5ED3}"
EndProject
Global
	GlobalSection(MercurialSourceControlSolutionProperties) = preSolution
		SolutionIsControlled = True
		SolutionBindings = <Solution Location In Database>
	EndGlobalSection
	GlobalSection(SolutionConfigurationPlatforms) = preSolution
		Debug|Any CPU = Debug|Any CPU
		Release|Any CPU = Release|Any CPU
	EndGlobalSection
	GlobalSection(ProjectConfigurationPlatforms) = postSolution
		{4CC14FB6-2472-4865-ACD2-1DEF414A5ED3}.Debug|Any CPU.ActiveCfg = Debug|Any CPU
		{4CC14FB6-2472-4865-ACD2-1DEF414A5ED3}.Debug|Any CPU.Build.0 = Debug|Any CPU
		{4CC14FB6-2472-4865-ACD2-1DEF414A5ED3}.Release|Any CPU.ActiveCfg = Release|Any CPU
		{4CC14FB6-2472-4865-ACD2-1DEF414A5ED3}.Release|Any CPU.Build.0 = Release|Any CPU
	EndGlobalSection
	GlobalSection(SolutionProperties) = preSolution
		HideSolutionNode = FALSE
	EndGlobalSection
EndGlobal
